
Microsoft Visual Studio Solution File, Format Version 12.00
# Visual Studio Version 16
VisualStudioVersion = 16.0.810.6
MinimumVisualStudioVersion = 10.0.40219.1
Project("{2150E333-8FDC-42A3-9474-1A3956D46DE8}") = "Solution Items", "Solution Items", "{4F9F5312-6EFF-448E-9409-C19C6B8D9ACF}"
	ProjectSection(SolutionItems) = preProject
		authenticate.py = authenticate.py
		config.py = config.py
		db_actions.py = db_actions.py
		main.py = main.py
		Pipfile = Pipfile
		Pipfile.lock = Pipfile.lock
		README.md = README.md
		routes.py = routes.py
		services.py = services.py
		Soulify.sln = Soulify.sln
		user_operations.py = user_operations.py
	EndProjectSection
EndProject
Global
	GlobalSection(SolutionConfigurationPlatforms) = preSolution
	EndGlobalSection
	GlobalSection(ProjectConfigurationPlatforms) = postSolution
	EndGlobalSection
	GlobalSection(SolutionProperties) = preSolution
		HideSolutionNode = FALSE
	EndGlobalSection
	GlobalSection(ExtensibilityGlobals) = postSolution
		SolutionGuid = {926E5B69-1BCA-4247-80EA-D95082AC95BB}
	EndGlobalSection
EndGlobal
